Microsoft Visual Studio Solution File, Format Version 11.00
# Visual Studio 2008

Project("{FD7E22EF-3BC0-7E8A-5F6A-C5C1D0D48F4B}") = "LineDash", "Assembly-CSharp.csproj", "{64C0CA37-B728-FCE2-E40E-5B82E90146EB}"
EndProject
Project("{FD7E22EF-3BC0-7E8A-5F6A-C5C1D0D48F4B}") = "LineDash", "Assembly-CSharp-Editor.csproj", "{70D23646-89F5-404A-2AE2-DE40443D3162}"
EndProject
Global
	GlobalSection(SolutionConfigurationPlatforms) = preSolution
		Debug|Any CPU = Debug|Any CPU
		Release|Any CPU = Release|Any CPU
	EndGlobalSection
	GlobalSection(ProjectConfigurationPlatforms) = postSolution
		{64C0CA37-B728-FCE2-E40E-5B82E90146EB}.Debug|Any CPU.ActiveCfg = Debug|Any CPU
		{64C0CA37-B728-FCE2-E40E-5B82E90146EB}.Debug|Any CPU.Build.0 = Debug|Any CPU
		{64C0CA37-B728-FCE2-E40E-5B82E90146EB}.Release|Any CPU.ActiveCfg = Release|Any CPU
		{64C0CA37-B728-FCE2-E40E-5B82E90146EB}.Release|Any CPU.Build.0 = Release|Any CPU
		{70D23646-89F5-404A-2AE2-DE40443D3162}.Debug|Any CPU.ActiveCfg = Debug|Any CPU
		{70D23646-89F5-404A-2AE2-DE40443D3162}.Debug|Any CPU.Build.0 = Debug|Any CPU
		{70D23646-89F5-404A-2AE2-DE40443D3162}.Release|Any CPU.ActiveCfg = Release|Any CPU
		{70D23646-89F5-404A-2AE2-DE40443D3162}.Release|Any CPU.Build.0 = Release|Any CPU
	EndGlobalSection
	GlobalSection(SolutionProperties) = preSolution
		HideSolutionNode = FALSE
	EndGlobalSection
	GlobalSection(MonoDevelopProperties) = preSolution
		StartupItem = Assembly-CSharp.csproj
	EndGlobalSection
EndGlobal
